// !$*UTF8*$!
{
	archiveVersion = 1;
	classes = {
	};
	objectVersion = 48;
	objects = {

/* Begin PBXBuildFile section */
		D4A414D7209B8E470049D681 /* AppDelegate.swift in Sources */ = {isa = PBXBuildFile; fileRef = D4A414D6209B8E470049D681 /* AppDelegate.swift */; };
		D4A414DC209B8E470049D681 /* Main.storyboard in Resources */ = {isa = PBXBuildFile; fileRef = D4A414DA209B8E470049D681 /* Main.storyboard */; };
		D4A414DE209B8E470049D681 /* Assets.xcassets in Resources */ = {isa = PBXBuildFile; fileRef = D4A414DD209B8E470049D681 /* Assets.xcassets */; };
		D4A414E1209B8E470049D681 /* LaunchScreen.storyboard in Resources */ = {isa = PBXBuildFile; fileRef = D4A414DF209B8E470049D681 /* LaunchScreen.storyboard */; };
		D4A414E9209B8EDF0049D681 /* AssessmentCenter.framework in Frameworks */ = {isa = PBXBuildFile; fileRef = D4A414E8209B8EDF0049D681 /* AssessmentCenter.framework */; };
		D4A414EA209B8EDF0049D681 /* AssessmentCenter.framework in Embed Frameworks */ = {isa = PBXBuildFile; fileRef = D4A414E8209B8EDF0049D681 /* AssessmentCenter.framework */; settings = {ATTRIBUTES = (CodeSignOnCopy, RemoveHeadersOnCopy, ); }; };
		D4A414EC209B8EDF0049D681 /* EASIPRO.framework in Frameworks */ = {isa = PBXBuildFile; fileRef = D4A414EB209B8EDF0049D681 /* EASIPRO.framework */; };
		D4A414ED209B8EDF0049D681 /* EASIPRO.framework in Embed Frameworks */ = {isa = PBXBuildFile; fileRef = D4A414EB209B8EDF0049D681 /* EASIPRO.framework */; settings = {ATTRIBUTES = (CodeSignOnCopy, RemoveHeadersOnCopy, ); }; };
		D4A414EF209B8EDF0049D681 /* ResearchKit.framework in Frameworks */ = {isa = PBXBuildFile; fileRef = D4A414EE209B8EDF0049D681 /* ResearchKit.framework */; };
		D4A414F0209B8EDF0049D681 /* ResearchKit.framework in Embed Frameworks */ = {isa = PBXBuildFile; fileRef = D4A414EE209B8EDF0049D681 /* ResearchKit.framework */; settings = {ATTRIBUTES = (CodeSignOnCopy, RemoveHeadersOnCopy, ); }; };
		D4A414F2209B8EDF0049D681 /* SMART.framework in Frameworks */ = {isa = PBXBuildFile; fileRef = D4A414F1209B8EDF0049D681 /* SMART.framework */; };
		D4A414F3209B8EDF0049D681 /* SMART.framework in Embed Frameworks */ = {isa = PBXBuildFile; fileRef = D4A414F1209B8EDF0049D681 /* SMART.framework */; settings = {ATTRIBUTES = (CodeSignOnCopy, RemoveHeadersOnCopy, ); }; };
		D4A414FC209B8FCE0049D681 /* SessionActionView.swift in Sources */ = {isa = PBXBuildFile; fileRef = D4A414F8209B8FCE0049D681 /* SessionActionView.swift */; };
		D4A414FD209B8FCE0049D681 /* SessionActionView.xib in Resources */ = {isa = PBXBuildFile; fileRef = D4A414F9209B8FCE0049D681 /* SessionActionView.xib */; };
		D4A414FE209B8FCE0049D681 /* PatientSectionHeader.xib in Resources */ = {isa = PBXBuildFile; fileRef = D4A414FA209B8FCE0049D681 /* PatientSectionHeader.xib */; };
		D4A414FF209B8FCE0049D681 /* PatientSectionHeader.swift in Sources */ = {isa = PBXBuildFile; fileRef = D4A414FB209B8FCE0049D681 /* PatientSectionHeader.swift */; };
		D4A41501209B90380049D681 /* MainViewController.swift in Sources */ = {isa = PBXBuildFile; fileRef = D4A41500209B90380049D681 /* MainViewController.swift */; };
		D4A41504209B923F0049D681 /* EP+AssessmentCenter.swift in Sources */ = {isa = PBXBuildFile; fileRef = D4A41503209B923F0049D681 /* EP+AssessmentCenter.swift */; };
		D4A41506209B9F430049D681 /* SwiftFHIR.framework in Frameworks */ = {isa = PBXBuildFile; fileRef = D4A41505209B9F430049D681 /* SwiftFHIR.framework */; };
		D4A41507209B9F430049D681 /* SwiftFHIR.framework in Embed Frameworks */ = {isa = PBXBuildFile; fileRef = D4A41505209B9F430049D681 /* SwiftFHIR.framework */; settings = {ATTRIBUTES = (CodeSignOnCopy, RemoveHeadersOnCopy, ); }; };
		D4D30252209BBC6200125855 /* EP+ACConfig.swift in Sources */ = {isa = PBXBuildFile; fileRef = D4D30251209BBC6200125855 /* EP+ACConfig.swift */; };
/* End PBXBuildFile section */

/* Begin PBXCopyFilesBuildPhase section */
		D4A414F4209B8EDF0049D681 /* Embed Frameworks */ = {
			isa = PBXCopyFilesBuildPhase;
			buildActionMask = 2147483647;
			dstPath = "";
			dstSubfolderSpec = 10;
			files = (
				D4A414ED209B8EDF0049D681 /* EASIPRO.framework in Embed Frameworks */,
				D4A414EA209B8EDF0049D681 /* AssessmentCenter.framework in Embed Frameworks */,
				D4A41507209B9F430049D681 /* SwiftFHIR.framework in Embed Frameworks */,
				D4A414F3209B8EDF0049D681 /* SMART.framework in Embed Frameworks */,
				D4A414F0209B8EDF0049D681 /* ResearchKit.framework in Embed Frameworks */,
			);
			name = "Embed Frameworks";
			runOnlyForDeploymentPostprocessing = 0;
		};
/* End PBXCopyFilesBuildPhase section */

/* Begin PBXFileReference section */
		D4A414D3209B8E470049D681 /* EASIPRO-Clinic.app */ = {isa = PBXFileReference; explicitFileType = wrapper.application; includeInIndex = 0; path = "EASIPRO-Clinic.app"; sourceTree = BUILT_PRODUCTS_DIR; };
		D4A414D6209B8E470049D681 /* AppDelegate.swift */ = {isa = PBXFileReference; lastKnownFileType = sourcecode.swift; path = AppDelegate.swift; sourceTree = "<group>"; };
		D4A414DB209B8E470049D681 /* Base */ = {isa = PBXFileReference; lastKnownFileType = file.storyboard; name = Base; path = Base.lproj/Main.storyboard; sourceTree = "<group>"; };
		D4A414DD209B8E470049D681 /* Assets.xcassets */ = {isa = PBXFileReference; lastKnownFileType = folder.assetcatalog; path = Assets.xcassets; sourceTree = "<group>"; };
		D4A414E0209B8E470049D681 /* Base */ = {isa = PBXFileReference; lastKnownFileType = file.storyboard; name = Base; path = Base.lproj/LaunchScreen.storyboard; sourceTree = "<group>"; };
		D4A414E2209B8E470049D681 /* Info.plist */ = {isa = PBXFileReference; lastKnownFileType = text.plist.xml; path = Info.plist; sourceTree = "<group>"; };
		D4A414E8209B8EDF0049D681 /* AssessmentCenter.framework */ = {isa = PBXFileReference; explicitFileType = wrapper.framework; path = AssessmentCenter.framework; sourceTree = BUILT_PRODUCTS_DIR; };
		D4A414EB209B8EDF0049D681 /* EASIPRO.framework */ = {isa = PBXFileReference; explicitFileType = wrapper.framework; path = EASIPRO.framework; sourceTree = BUILT_PRODUCTS_DIR; };
		D4A414EE209B8EDF0049D681 /* ResearchKit.framework */ = {isa = PBXFileReference; explicitFileType = wrapper.framework; path = ResearchKit.framework; sourceTree = BUILT_PRODUCTS_DIR; };
		D4A414F1209B8EDF0049D681 /* SMART.framework */ = {isa = PBXFileReference; explicitFileType = wrapper.framework; path = SMART.framework; sourceTree = BUILT_PRODUCTS_DIR; };
		D4A414F8209B8FCE0049D681 /* SessionActionView.swift */ = {isa = PBXFileReference; fileEncoding = 4; lastKnownFileType = sourcecode.swift; path = SessionActionView.swift; sourceTree = "<group>"; };
		D4A414F9209B8FCE0049D681 /* SessionActionView.xib */ = {isa = PBXFileReference; fileEncoding = 4; lastKnownFileType = file.xib; path = SessionActionView.xib; sourceTree = "<group>"; };
		D4A414FA209B8FCE0049D681 /* PatientSectionHeader.xib */ = {isa = PBXFileReference; fileEncoding = 4; lastKnownFileType = file.xib; path = PatientSectionHeader.xib; sourceTree = "<group>"; };
		D4A414FB209B8FCE0049D681 /* PatientSectionHeader.swift */ = {isa = PBXFileReference; fileEncoding = 4; lastKnownFileType = sourcecode.swift; path = PatientSectionHeader.swift; sourceTree = "<group>"; };
		D4A41500209B90380049D681 /* MainViewController.swift */ = {isa = PBXFileReference; lastKnownFileType = sourcecode.swift; path = MainViewController.swift; sourceTree = "<group>"; };
		D4A41503209B923F0049D681 /* EP+AssessmentCenter.swift */ = {isa = PBXFileReference; lastKnownFileType = sourcecode.swift; path = "EP+AssessmentCenter.swift"; sourceTree = "<group>"; };
		D4A41505209B9F430049D681 /* SwiftFHIR.framework */ = {isa = PBXFileReference; explicitFileType = wrapper.framework; path = SwiftFHIR.framework; sourceTree = BUILT_PRODUCTS_DIR; };
		D4D30251209BBC6200125855 /* EP+ACConfig.swift */ = {isa = PBXFileReference; lastKnownFileType = sourcecode.swift; path = "EP+ACConfig.swift"; sourceTree = "<group>"; };
/* End PBXFileReference section */

/* Begin PBXFrameworksBuildPhase section */
		D4A414D0209B8E470049D681 /* Frameworks */ = {
			isa = PBXFrameworksBuildPhase;
			buildActionMask = 2147483647;
			files = (
				D4A414EC209B8EDF0049D681 /* EASIPRO.framework in Frameworks */,
				D4A414E9209B8EDF0049D681 /* AssessmentCenter.framework in Frameworks */,
				D4A41506209B9F430049D681 /* SwiftFHIR.framework in Frameworks */,
				D4A414F2209B8EDF0049D681 /* SMART.framework in Frameworks */,
				D4A414EF209B8EDF0049D681 /* ResearchKit.framework in Frameworks */,
			);
			runOnlyForDeploymentPostprocessing = 0;
		};
/* End PBXFrameworksBuildPhase section */

/* Begin PBXGroup section */
		D4A414CA209B8E470049D681 = {
			isa = PBXGroup;
			children = (
				D4A41505209B9F430049D681 /* SwiftFHIR.framework */,
				D4A414F1209B8EDF0049D681 /* SMART.framework */,
				D4A414EE209B8EDF0049D681 /* ResearchKit.framework */,
				D4A414EB209B8EDF0049D681 /* EASIPRO.framework */,
				D4A414E8209B8EDF0049D681 /* AssessmentCenter.framework */,
				D4A414D5209B8E470049D681 /* EASIPRO-Clinic */,
				D4A414D4209B8E470049D681 /* Products */,
			);
			sourceTree = "<group>";
		};
		D4A414D4209B8E470049D681 /* Products */ = {
			isa = PBXGroup;
			children = (
				D4A414D3209B8E470049D681 /* EASIPRO-Clinic.app */,
			);
			name = Products;
			sourceTree = "<group>";
		};
		D4A414D5209B8E470049D681 /* EASIPRO-Clinic */ = {
			isa = PBXGroup;
			children = (
				D4A41502209B921F0049D681 /* Classes */,
				D4A414F7209B8FCE0049D681 /* Views */,
				D4A414D6209B8E470049D681 /* AppDelegate.swift */,
				D4A414DA209B8E470049D681 /* Main.storyboard */,
				D4A414DD209B8E470049D681 /* Assets.xcassets */,
				D4A414DF209B8E470049D681 /* LaunchScreen.storyboard */,
				D4A414E2209B8E470049D681 /* Info.plist */,
			);
			path = "EASIPRO-Clinic";
			sourceTree = "<group>";
		};
		D4A414F7209B8FCE0049D681 /* Views */ = {
			isa = PBXGroup;
			children = (
				D4A414F8209B8FCE0049D681 /* SessionActionView.swift */,
				D4A414F9209B8FCE0049D681 /* SessionActionView.xib */,
				D4A414FA209B8FCE0049D681 /* PatientSectionHeader.xib */,
				D4A414FB209B8FCE0049D681 /* PatientSectionHeader.swift */,
				D4A41500209B90380049D681 /* MainViewController.swift */,
			);
			path = Views;
			sourceTree = "<group>";
		};
		D4A41502209B921F0049D681 /* Classes */ = {
			isa = PBXGroup;
			children = (
				D4A41503209B923F0049D681 /* EP+AssessmentCenter.swift */,
				D4D30251209BBC6200125855 /* EP+ACConfig.swift */,
			);
			path = Classes;
			sourceTree = "<group>";
		};
/* End PBXGroup section */

/* Begin PBXNativeTarget section */
		D4A414D2209B8E470049D681 /* EASIPRO-Clinic */ = {
			isa = PBXNativeTarget;
			buildConfigurationList = D4A414E5209B8E470049D681 /* Build configuration list for PBXNativeTarget "EASIPRO-Clinic" */;
			buildPhases = (
				D4A414CF209B8E470049D681 /* Sources */,
				D4A414D0209B8E470049D681 /* Frameworks */,
				D4A414D1209B8E470049D681 /* Resources */,
				D4A414F4209B8EDF0049D681 /* Embed Frameworks */,
			);
			buildRules = (
			);
			dependencies = (
			);
			name = "EASIPRO-Clinic";
			productName = "EASIPRO-Clinic";
			productReference = D4A414D3209B8E470049D681 /* EASIPRO-Clinic.app */;
			productType = "com.apple.product-type.application";
		};
/* End PBXNativeTarget section */

/* Begin PBXProject section */
		D4A414CB209B8E470049D681 /* Project object */ = {
			isa = PBXProject;
			attributes = {
				LastSwiftUpdateCheck = 0920;
				LastUpgradeCheck = 0920;
				ORGANIZATIONNAME = "Boston Children's Hospital";
				TargetAttributes = {
					D4A414D2209B8E470049D681 = {
						CreatedOnToolsVersion = 9.2;
						ProvisioningStyle = Automatic;
					};
				};
			};
			buildConfigurationList = D4A414CE209B8E470049D681 /* Build configuration list for PBXProject "EASIPRO-Clinic" */;
			compatibilityVersion = "Xcode 8.0";
			developmentRegion = en;
			hasScannedForEncodings = 0;
			knownRegions = (
				en,
				Base,
			);
			mainGroup = D4A414CA209B8E470049D681;
			productRefGroup = D4A414D4209B8E470049D681 /* Products */;
			projectDirPath = "";
			projectRoot = "";
			targets = (
				D4A414D2209B8E470049D681 /* EASIPRO-Clinic */,
			);
		};
/* End PBXProject section */

/* Begin PBXResourcesBuildPhase section */
		D4A414D1209B8E470049D681 /* Resources */ = {
			isa = PBXResourcesBuildPhase;
			buildActionMask = 2147483647;
			files = (
				D4A414E1209B8E470049D681 /* LaunchScreen.storyboard in Resources */,
				D4A414FE209B8FCE0049D681 /* PatientSectionHeader.xib in Resources */,
				D4A414DE209B8E470049D681 /* Assets.xcassets in Resources */,
				D4A414DC209B8E470049D681 /* Main.storyboard in Resources */,
				D4A414FD209B8FCE0049D681 /* SessionActionView.xib in Resources */,
			);
			runOnlyForDeploymentPostprocessing = 0;
		};
/* End PBXResourcesBuildPhase section */

/* Begin PBXSourcesBuildPhase section */
		D4A414CF209B8E470049D681 /* Sources */ = {
			isa = PBXSourcesBuildPhase;
			buildActionMask = 2147483647;
			files = (
				D4A414FF209B8FCE0049D681 /* PatientSectionHeader.swift in Sources */,
				D4A414FC209B8FCE0049D681 /* SessionActionView.swift in Sources */,
				D4A41504209B923F0049D681 /* EP+AssessmentCenter.swift in Sources */,
				D4A414D7209B8E470049D681 /* AppDelegate.swift in Sources */,
				D4D30252209BBC6200125855 /* EP+ACConfig.swift in Sources */,
				D4A41501209B90380049D681 /* MainViewController.swift in Sources */,
			);
			runOnlyForDeploymentPostprocessing = 0;
		};
/* End PBXSourcesBuildPhase section */

/* Begin PBXVariantGroup section */
		D4A414DA209B8E470049D681 /* Main.storyboard */ = {
			isa = PBXVariantGroup;
			children = (
				D4A414DB209B8E470049D681 /* Base */,
			);
			name = Main.storyboard;
			sourceTree = "<group>";
		};
		D4A414DF209B8E470049D681 /* LaunchScreen.storyboard */ = {
			isa = PBXVariantGroup;
			children = (
				D4A414E0209B8E470049D681 /* Base */,
			);
			name = LaunchScreen.storyboard;
			sourceTree = "<group>";
		};
/* End PBXVariantGroup section */

/* Begin XCBuildConfiguration section */
		D4A414E3209B8E470049D681 /* Debug */ = {
			isa = XCBuildConfiguration;
			buildSettings = {
				ALWAYS_SEARCH_USER_PATHS = NO;
				CLANG_ANALYZER_NONNULL = YES;
				CLANG_ANALYZER_NUMBER_OBJECT_CONVERSION = YES_AGGRESSIVE;
				CLANG_CXX_LANGUAGE_STANDARD = "gnu++14";
				CLANG_CXX_LIBRARY = "libc++";
				CLANG_ENABLE_MODULES = YES;
				CLANG_ENABLE_OBJC_ARC = YES;
				CLANG_WARN_BLOCK_CAPTURE_AUTORELEASING = YES;
				CLANG_WARN_BOOL_CONVERSION = YES;
				CLANG_WARN_COMMA = YES;
				CLANG_WARN_CONSTANT_CONVERSION = YES;
				CLANG_WARN_DIRECT_OBJC_ISA_USAGE = YES_ERROR;
				CLANG_WARN_DOCUMENTATION_COMMENTS = YES;
				CLANG_WARN_EMPTY_BODY = YES;
				CLANG_WARN_ENUM_CONVERSION = YES;
				CLANG_WARN_INFINITE_RECURSION = YES;
				CLANG_WARN_INT_CONVERSION = YES;
				CLANG_WARN_NON_LITERAL_NULL_CONVERSION = YES;
				CLANG_WARN_OBJC_LITERAL_CONVERSION = YES;
				CLANG_WARN_OBJC_ROOT_CLASS = YES_ERROR;
				CLANG_WARN_RANGE_LOOP_ANALYSIS = YES;
				CLANG_WARN_STRICT_PROTOTYPES = YES;
				CLANG_WARN_SUSPICIOUS_MOVE = YES;
				CLANG_WARN_UNGUARDED_AVAILABILITY = YES_AGGRESSIVE;
				CLANG_WARN_UNREACHABLE_CODE = YES;
				CLANG_WARN__DUPLICATE_METHOD_MATCH = YES;
				CODE_SIGN_IDENTITY = "iPhone Developer";
				COPY_PHASE_STRIP = NO;
				DEBUG_INFORMATION_FORMAT = dwarf;
				ENABLE_STRICT_OBJC_MSGSEND = YES;
				ENABLE_TESTABILITY = YES;
				GCC_C_LANGUAGE_STANDARD = gnu11;
				GCC_DYNAMIC_NO_PIC = NO;
				GCC_NO_COMMON_BLOCKS = YES;
				GCC_OPTIMIZATION_LEVEL = 0;
				GCC_PREPROCESSOR_DEFINITIONS = (
					"DEBUG=1",
					"$(inherited)",
				);
				GCC_WARN_64_TO_32_BIT_CONVERSION = YES;
				GCC_WARN_ABOUT_RETURN_TYPE = YES_ERROR;
				GCC_WARN_UNDECLARED_SELECTOR = YES;
				GCC_WARN_UNINITIALIZED_AUTOS = YES_AGGRESSIVE;
				GCC_WARN_UNUSED_FUNCTION = YES;
				GCC_WARN_UNUSED_VARIABLE = YES;
				IPHONEOS_DEPLOYMENT_TARGET = 11.2;
				MTL_ENABLE_DEBUG_INFO = YES;
				ONLY_ACTIVE_ARCH = YES;
				SDKROOT = iphoneos;
				SWIFT_ACTIVE_COMPILATION_CONDITIONS = DEBUG;
				SWIFT_OPTIMIZATION_LEVEL = "-Onone";
			};
			name = Debug;
		};
		D4A414E4209B8E470049D681 /* Release */ = {
			isa = XCBuildConfiguration;
			buildSettings = {
				ALWAYS_SEARCH_USER_PATHS = NO;
				CLANG_ANALYZER_NONNULL = YES;
				CLANG_ANALYZER_NUMBER_OBJECT_CONVERSION = YES_AGGRESSIVE;
				CLANG_CXX_LANGUAGE_STANDARD = "gnu++14";
				CLANG_CXX_LIBRARY = "libc++";
				CLANG_ENABLE_MODULES = YES;
				CLANG_ENABLE_OBJC_ARC = YES;
				CLANG_WARN_BLOCK_CAPTURE_AUTORELEASING = YES;
				CLANG_WARN_BOOL_CONVERSION = YES;
				CLANG_WARN_COMMA = YES;
				CLANG_WARN_CONSTANT_CONVERSION = YES;
				CLANG_WARN_DIRECT_OBJC_ISA_USAGE = YES_ERROR;
				CLANG_WARN_DOCUMENTATION_COMMENTS = YES;
				CLANG_WARN_EMPTY_BODY = YES;
				CLANG_WARN_ENUM_CONVERSION = YES;
				CLANG_WARN_INFINITE_RECURSION = YES;
				CLANG_WARN_INT_CONVERSION = YES;
				CLANG_WARN_NON_LITERAL_NULL_CONVERSION = YES;
				CLANG_WARN_OBJC_LITERAL_CONVERSION = YES;
				CLANG_WARN_OBJC_ROOT_CLASS = YES_ERROR;
				CLANG_WARN_RANGE_LOOP_ANALYSIS = YES;
				CLANG_WARN_STRICT_PROTOTYPES = YES;
				CLANG_WARN_SUSPICIOUS_MOVE = YES;
				CLANG_WARN_UNGUARDED_AVAILABILITY = YES_AGGRESSIVE;
				CLANG_WARN_UNREACHABLE_CODE = YES;
				CLANG_WARN__DUPLICATE_METHOD_MATCH = YES;
				CODE_SIGN_IDENTITY = "iPhone Developer";
				COPY_PHASE_STRIP = NO;
				DEBUG_INFORMATION_FORMAT = "dwarf-with-dsym";
				ENABLE_NS_ASSERTIONS = NO;
				ENABLE_STRICT_OBJC_MSGSEND = YES;
				GCC_C_LANGUAGE_STANDARD = gnu11;
				GCC_NO_COMMON_BLOCKS = YES;
				GCC_WARN_64_TO_32_BIT_CONVERSION = YES;
				GCC_WARN_ABOUT_RETURN_TYPE = YES_ERROR;
				GCC_WARN_UNDECLARED_SELECTOR = YES;
				GCC_WARN_UNINITIALIZED_AUTOS = YES_AGGRESSIVE;
				GCC_WARN_UNUSED_FUNCTION = YES;
				GCC_WARN_UNUSED_VARIABLE = YES;
				IPHONEOS_DEPLOYMENT_TARGET = 11.2;
				MTL_ENABLE_DEBUG_INFO = NO;
				SDKROOT = iphoneos;
				SWIFT_OPTIMIZATION_LEVEL = "-Owholemodule";
				VALIDATE_PRODUCT = YES;
			};
			name = Release;
		};
		D4A414E6209B8E470049D681 /* Debug */ = {
			isa = XCBuildConfiguration;
			buildSettings = {
				ASSETCATALOG_COMPILER_APPICON_NAME = AppIcon;
				CODE_SIGN_STYLE = Automatic;
				DEVELOPMENT_TEAM = Q4JTXWLJ7B;
				INFOPLIST_FILE = "EASIPRO-Clinic/Info.plist";
				IPHONEOS_DEPLOYMENT_TARGET = 11.0;
				LD_RUNPATH_SEARCH_PATHS = "$(inherited) @executable_path/Frameworks";
				PRODUCT_BUNDLE_IDENTIFIER = "org.chip.EASIPRO-Clinic";
				PRODUCT_NAME = "$(TARGET_NAME)";
				SWIFT_VERSION = 4.0;
				TARGETED_DEVICE_FAMILY = "1,2";
			};
			name = Debug;
		};
		D4A414E7209B8E470049D681 /* Release */ = {
			isa = XCBuildConfiguration;
			buildSettings = {
				ASSETCATALOG_COMPILER_APPICON_NAME = AppIcon;
				CODE_SIGN_STYLE = Automatic;
				DEVELOPMENT_TEAM = Q4JTXWLJ7B;
				INFOPLIST_FILE = "EASIPRO-Clinic/Info.plist";
				IPHONEOS_DEPLOYMENT_TARGET = 11.0;
				LD_RUNPATH_SEARCH_PATHS = "$(inherited) @executable_path/Frameworks";
				PRODUCT_BUNDLE_IDENTIFIER = "org.chip.EASIPRO-Clinic";
				PRODUCT_NAME = "$(TARGET_NAME)";
				SWIFT_VERSION = 4.0;
				TARGETED_DEVICE_FAMILY = "1,2";
			};
			name = Release;
		};
/* End XCBuildConfiguration section */

/* Begin XCConfigurationList section */
		D4A414CE209B8E470049D681 /* Build configuration list for PBXProject "EASIPRO-Clinic" */ = {
			isa = XCConfigurationList;
			buildConfigurations = (
				D4A414E3209B8E470049D681 /* Debug */,
				D4A414E4209B8E470049D681 /* Release */,
			);
			defaultConfigurationIsVisible = 0;
			defaultConfigurationName = Release;
		};
		D4A414E5209B8E470049D681 /* Build configuration list for PBXNativeTarget "EASIPRO-Clinic" */ = {
			isa = XCConfigurationList;
			buildConfigurations = (
				D4A414E6209B8E470049D681 /* Debug */,
				D4A414E7209B8E470049D681 /* Release */,
			);
			defaultConfigurationIsVisible = 0;
			defaultConfigurationName = Release;
		};
/* End XCConfigurationList section */
	};
	rootObject = D4A414CB209B8E470049D681 /* Project object */;
}
